// !$*UTF8*$!
{
	archiveVersion = 1;
	classes = {
	};
	objectVersion = 48;
	objects = {

/* Begin PBXBuildFile section */
		9756ABCD213651C20069BE8A /* AppDelegate.swift in Sources */ = {isa = PBXBuildFile; fileRef = 9756ABCC213651C20069BE8A /* AppDelegate.swift */; };
		9756ABCF213651C20069BE8A /* ViewController.swift in Sources */ = {isa = PBXBuildFile; fileRef = 9756ABCE213651C20069BE8A /* ViewController.swift */; };
		9756ABD2213651C20069BE8A /* Main.storyboard in Resources */ = {isa = PBXBuildFile; fileRef = 9756ABD0213651C20069BE8A /* Main.storyboard */; };
		9756ABD5213651C20069BE8A /* GitTraining.xcdatamodeld in Sources */ = {isa = PBXBuildFile; fileRef = 9756ABD3213651C20069BE8A /* GitTraining.xcdatamodeld */; };
		9756ABD7213651C20069BE8A /* Assets.xcassets in Resources */ = {isa = PBXBuildFile; fileRef = 9756ABD6213651C20069BE8A /* Assets.xcassets */; };
		9756ABDA213651C20069BE8A /* LaunchScreen.storyboard in Resources */ = {isa = PBXBuildFile; fileRef = 9756ABD8213651C20069BE8A /* LaunchScreen.storyboard */; };
/* End PBXBuildFile section */

/* Begin PBXFileReference section */
		9756ABC9213651C20069BE8A /* GitTraining.app */ = {isa = PBXFileReference; explicitFileType = wrapper.application; includeInIndex = 0; path = GitTraining.app; sourceTree = BUILT_PRODUCTS_DIR; };
		9756ABCC213651C20069BE8A /* AppDelegate.swift */ = {isa = PBXFileReference; lastKnownFileType = sourcecode.swift; path = AppDelegate.swift; sourceTree = "<group>"; };
		9756ABCE213651C20069BE8A /* ViewController.swift */ = {isa = PBXFileReference; lastKnownFileType = sourcecode.swift; path = ViewController.swift; sourceTree = "<group>"; };
		9756ABD1213651C20069BE8A /* Base */ = {isa = PBXFileReference; lastKnownFileType = file.storyboard; name = Base; path = Base.lproj/Main.storyboard; sourceTree = "<group>"; };
		9756ABD4213651C20069BE8A /* GitTraining.xcdatamodel */ = {isa = PBXFileReference; lastKnownFileType = wrapper.xcdatamodel; path = GitTraining.xcdatamodel; sourceTree = "<group>"; };
		9756ABD6213651C20069BE8A /* Assets.xcassets */ = {isa = PBXFileReference; lastKnownFileType = folder.assetcatalog; path = Assets.xcassets; sourceTree = "<group>"; };
		9756ABD9213651C20069BE8A /* Base */ = {isa = PBXFileReference; lastKnownFileType = file.storyboard; name = Base; path = Base.lproj/LaunchScreen.storyboard; sourceTree = "<group>"; };
		9756ABDB213651C20069BE8A /* Info.plist */ = {isa = PBXFileReference; lastKnownFileType = text.plist.xml; path = Info.plist; sourceTree = "<group>"; };
/* End PBXFileReference section */

/* Begin PBXFrameworksBuildPhase section */
		9756ABC6213651C20069BE8A /* Frameworks */ = {
			isa = PBXFrameworksBuildPhase;
			buildActionMask = 2147483647;
			files = (
			);
			runOnlyForDeploymentPostprocessing = 0;
		};
/* End PBXFrameworksBuildPhase section */

/* Begin PBXGroup section */
		9756ABC0213651C20069BE8A = {
			isa = PBXGroup;
			children = (
				9756ABCB213651C20069BE8A /* GitTraining */,
				9756ABCA213651C20069BE8A /* Products */,
			);
			sourceTree = "<group>";
		};
		9756ABCA213651C20069BE8A /* Products */ = {
			isa = PBXGroup;
			children = (
				9756ABC9213651C20069BE8A /* GitTraining.app */,
			);
			name = Products;
			sourceTree = "<group>";
		};
		9756ABCB213651C20069BE8A /* GitTraining */ = {
			isa = PBXGroup;
			children = (
				9756ABCC213651C20069BE8A /* AppDelegate.swift */,
				9756ABCE213651C20069BE8A /* ViewController.swift */,
				9756ABD0213651C20069BE8A /* Main.storyboard */,
				9756ABD6213651C20069BE8A /* Assets.xcassets */,
				9756ABD8213651C20069BE8A /* LaunchScreen.storyboard */,
				9756ABDB213651C20069BE8A /* Info.plist */,
				9756ABD3213651C20069BE8A /* GitTraining.xcdatamodeld */,
			);
			path = GitTraining;
			sourceTree = "<group>";
		};
/* End PBXGroup section */

/* Begin PBXNativeTarget section */
		9756ABC8213651C20069BE8A /* GitTraining */ = {
			isa = PBXNativeTarget;
			buildConfigurationList = 9756ABDE213651C20069BE8A /* Build configuration list for PBXNativeTarget "GitTraining" */;
			buildPhases = (
				9756ABC5213651C20069BE8A /* Sources */,
				9756ABC6213651C20069BE8A /* Frameworks */,
				9756ABC7213651C20069BE8A /* Resources */,
			);
			buildRules = (
			);
			dependencies = (
			);
			name = GitTraining;
			productName = GitTraining;
			productReference = 9756ABC9213651C20069BE8A /* GitTraining.app */;
			productType = "com.apple.product-type.application";
		};
/* End PBXNativeTarget section */

/* Begin PBXProject section */
		9756ABC1213651C20069BE8A /* Project object */ = {
			isa = PBXProject;
			attributes = {
				LastSwiftUpdateCheck = 0920;
				LastUpgradeCheck = 0920;
				ORGANIZATIONNAME = "RMIT University";
				TargetAttributes = {
					9756ABC8213651C20069BE8A = {
						CreatedOnToolsVersion = 9.2;
						ProvisioningStyle = Automatic;
					};
				};
			};
			buildConfigurationList = 9756ABC4213651C20069BE8A /* Build configuration list for PBXProject "GitTraining" */;
			compatibilityVersion = "Xcode 8.0";
			developmentRegion = en;
			hasScannedForEncodings = 0;
			knownRegions = (
				en,
				Base,
			);
			mainGroup = 9756ABC0213651C20069BE8A;
			productRefGroup = 9756ABCA213651C20069BE8A /* Products */;
			projectDirPath = "";
			projectRoot = "";
			targets = (
				9756ABC8213651C20069BE8A /* GitTraining */,
			);
		};
/* End PBXProject section */

/* Begin PBXResourcesBuildPhase section */
		9756ABC7213651C20069BE8A /* Resources */ = {
			isa = PBXResourcesBuildPhase;
			buildActionMask = 2147483647;
			files = (
				9756ABDA213651C20069BE8A /* LaunchScreen.storyboard in Resources */,
				9756ABD7213651C20069BE8A /* Assets.xcassets in Resources */,
				9756ABD2213651C20069BE8A /* Main.storyboard in Resources */,
			);
			runOnlyForDeploymentPostprocessing = 0;
		};
/* End PBXResourcesBuildPhase section */

/* Begin PBXSourcesBuildPhase section */
		9756ABC5213651C20069BE8A /* Sources */ = {
			isa = PBXSourcesBuildPhase;
			buildActionMask = 2147483647;
			files = (
				9756ABCF213651C20069BE8A /* ViewController.swift in Sources */,
				9756ABCD213651C20069BE8A /* AppDelegate.swift in Sources */,
				9756ABD5213651C20069BE8A /* GitTraining.xcdatamodeld in Sources */,
			);
			runOnlyForDeploymentPostprocessing = 0;
		};
/* End PBXSourcesBuildPhase section */

/* Begin PBXVariantGroup section */
		9756ABD0213651C20069BE8A /* Main.storyboard */ = {
			isa = PBXVariantGroup;
			children = (
				9756ABD1213651C20069BE8A /* Base */,
			);
			name = Main.storyboard;
			sourceTree = "<group>";
		};
		9756ABD8213651C20069BE8A /* LaunchScreen.storyboard */ = {
			isa = PBXVariantGroup;
			children = (
				9756ABD9213651C20069BE8A /* Base */,
			);
			name = LaunchScreen.storyboard;
			sourceTree = "<group>";
		};
/* End PBXVariantGroup section */

/* Begin XCBuildConfiguration section */
		9756ABDC213651C20069BE8A /* Debug */ = {
			isa = XCBuildConfiguration;
			buildSettings = {
				ALWAYS_SEARCH_USER_PATHS = NO;
				CLANG_ANALYZER_NONNULL = YES;
				CLANG_ANALYZER_NUMBER_OBJECT_CONVERSION = YES_AGGRESSIVE;
				CLANG_CXX_LANGUAGE_STANDARD = "gnu++14";
				CLANG_CXX_LIBRARY = "libc++";
				CLANG_ENABLE_MODULES = YES;
				CLANG_ENABLE_OBJC_ARC = YES;
				CLANG_WARN_BLOCK_CAPTURE_AUTORELEASING = YES;
				CLANG_WARN_BOOL_CONVERSION = YES;
				CLANG_WARN_COMMA = YES;
				CLANG_WARN_CONSTANT_CONVERSION = YES;
				CLANG_WARN_DIRECT_OBJC_ISA_USAGE = YES_ERROR;
				CLANG_WARN_DOCUMENTATION_COMMENTS = YES;
				CLANG_WARN_EMPTY_BODY = YES;
				CLANG_WARN_ENUM_CONVERSION = YES;
				CLANG_WARN_INFINITE_RECURSION = YES;
				CLANG_WARN_INT_CONVERSION = YES;
				CLANG_WARN_NON_LITERAL_NULL_CONVERSION = YES;
				CLANG_WARN_OBJC_LITERAL_CONVERSION = YES;
				CLANG_WARN_OBJC_ROOT_CLASS = YES_ERROR;
				CLANG_WARN_RANGE_LOOP_ANALYSIS = YES;
				CLANG_WARN_STRICT_PROTOTYPES = YES;
				CLANG_WARN_SUSPICIOUS_MOVE = YES;
				CLANG_WARN_UNGUARDED_AVAILABILITY = YES_AGGRESSIVE;
				CLANG_WARN_UNREACHABLE_CODE = YES;
				CLANG_WARN__DUPLICATE_METHOD_MATCH = YES;
				CODE_SIGN_IDENTITY = "iPhone Developer";
				COPY_PHASE_STRIP = NO;
				DEBUG_INFORMATION_FORMAT = dwarf;
				ENABLE_STRICT_OBJC_MSGSEND = YES;
				ENABLE_TESTABILITY = YES;
				GCC_C_LANGUAGE_STANDARD = gnu11;
				GCC_DYNAMIC_NO_PIC = NO;
				GCC_NO_COMMON_BLOCKS = YES;
				GCC_OPTIMIZATION_LEVEL = 0;
				GCC_PREPROCESSOR_DEFINITIONS = (
					"DEBUG=1",
					"$(inherited)",
				);
				GCC_WARN_64_TO_32_BIT_CONVERSION = YES;
				GCC_WARN_ABOUT_RETURN_TYPE = YES_ERROR;
				GCC_WARN_UNDECLARED_SELECTOR = YES;
				GCC_WARN_UNINITIALIZED_AUTOS = YES_AGGRESSIVE;
				GCC_WARN_UNUSED_FUNCTION = YES;
				GCC_WARN_UNUSED_VARIABLE = YES;
				IPHONEOS_DEPLOYMENT_TARGET = 11.2;
				MTL_ENABLE_DEBUG_INFO = YES;
				ONLY_ACTIVE_ARCH = YES;
				SDKROOT = iphoneos;
				SWIFT_ACTIVE_COMPILATION_CONDITIONS = DEBUG;
				SWIFT_OPTIMIZATION_LEVEL = "-Onone";
			};
			name = Debug;
		};
		9756ABDD213651C20069BE8A /* Release */ = {
			isa = XCBuildConfiguration;
			buildSettings = {
				ALWAYS_SEARCH_USER_PATHS = NO;
				CLANG_ANALYZER_NONNULL = YES;
				CLANG_ANALYZER_NUMBER_OBJECT_CONVERSION = YES_AGGRESSIVE;
				CLANG_CXX_LANGUAGE_STANDARD = "gnu++14";
				CLANG_CXX_LIBRARY = "libc++";
				CLANG_ENABLE_MODULES = YES;
				CLANG_ENABLE_OBJC_ARC = YES;
				CLANG_WARN_BLOCK_CAPTURE_AUTORELEASING = YES;
				CLANG_WARN_BOOL_CONVERSION = YES;
				CLANG_WARN_COMMA = YES;
				CLANG_WARN_CONSTANT_CONVERSION = YES;
				CLANG_WARN_DIRECT_OBJC_ISA_USAGE = YES_ERROR;
				CLANG_WARN_DOCUMENTATION_COMMENTS = YES;
				CLANG_WARN_EMPTY_BODY = YES;
				CLANG_WARN_ENUM_CONVERSION = YES;
				CLANG_WARN_INFINITE_RECURSION = YES;
				CLANG_WARN_INT_CONVERSION = YES;
				CLANG_WARN_NON_LITERAL_NULL_CONVERSION = YES;
				CLANG_WARN_OBJC_LITERAL_CONVERSION = YES;
				CLANG_WARN_OBJC_ROOT_CLASS = YES_ERROR;
				CLANG_WARN_RANGE_LOOP_ANALYSIS = YES;
				CLANG_WARN_STRICT_PROTOTYPES = YES;
				CLANG_WARN_SUSPICIOUS_MOVE = YES;
				CLANG_WARN_UNGUARDED_AVAILABILITY = YES_AGGRESSIVE;
				CLANG_WARN_UNREACHABLE_CODE = YES;
				CLANG_WARN__DUPLICATE_METHOD_MATCH = YES;
				CODE_SIGN_IDENTITY = "iPhone Developer";
				COPY_PHASE_STRIP = NO;
				DEBUG_INFORMATION_FORMAT = "dwarf-with-dsym";
				ENABLE_NS_ASSERTIONS = NO;
				ENABLE_STRICT_OBJC_MSGSEND = YES;
				GCC_C_LANGUAGE_STANDARD = gnu11;
				GCC_NO_COMMON_BLOCKS = YES;
				GCC_WARN_64_TO_32_BIT_CONVERSION = YES;
				GCC_WARN_ABOUT_RETURN_TYPE = YES_ERROR;
				GCC_WARN_UNDECLARED_SELECTOR = YES;
				GCC_WARN_UNINITIALIZED_AUTOS = YES_AGGRESSIVE;
				GCC_WARN_UNUSED_FUNCTION = YES;
				GCC_WARN_UNUSED_VARIABLE = YES;
				IPHONEOS_DEPLOYMENT_TARGET = 11.2;
				MTL_ENABLE_DEBUG_INFO = NO;
				SDKROOT = iphoneos;
				SWIFT_OPTIMIZATION_LEVEL = "-Owholemodule";
				VALIDATE_PRODUCT = YES;
			};
			name = Release;
		};
		9756ABDF213651C20069BE8A /* Debug */ = {
			isa = XCBuildConfiguration;
			buildSettings = {
				ASSETCATALOG_COMPILER_APPICON_NAME = AppIcon;
				CODE_SIGN_STYLE = Automatic;
				INFOPLIST_FILE = GitTraining/Info.plist;
				LD_RUNPATH_SEARCH_PATHS = "$(inherited) @executable_path/Frameworks";
				PRODUCT_BUNDLE_IDENTIFIER = com.rmit.GitTraining;
				PRODUCT_NAME = "$(TARGET_NAME)";
				SWIFT_VERSION = 4.0;
				TARGETED_DEVICE_FAMILY = "1,2";
			};
			name = Debug;
		};
		9756ABE0213651C20069BE8A /* Release */ = {
			isa = XCBuildConfiguration;
			buildSettings = {
				ASSETCATALOG_COMPILER_APPICON_NAME = AppIcon;
				CODE_SIGN_STYLE = Automatic;
				INFOPLIST_FILE = GitTraining/Info.plist;
				LD_RUNPATH_SEARCH_PATHS = "$(inherited) @executable_path/Frameworks";
				PRODUCT_BUNDLE_IDENTIFIER = com.rmit.GitTraining;
				PRODUCT_NAME = "$(TARGET_NAME)";
				SWIFT_VERSION = 4.0;
				TARGETED_DEVICE_FAMILY = "1,2";
			};
			name = Release;
		};
/* End XCBuildConfiguration section */

/* Begin XCConfigurationList section */
		9756ABC4213651C20069BE8A /* Build configuration list for PBXProject "GitTraining" */ = {
			isa = XCConfigurationList;
			buildConfigurations = (
				9756ABDC213651C20069BE8A /* Debug */,
				9756ABDD213651C20069BE8A /* Release */,
			);
			defaultConfigurationIsVisible = 0;
			defaultConfigurationName = Release;
		};
		9756ABDE213651C20069BE8A /* Build configuration list for PBXNativeTarget "GitTraining" */ = {
			isa = XCConfigurationList;
			buildConfigurations = (
				9756ABDF213651C20069BE8A /* Debug */,
				9756ABE0213651C20069BE8A /* Release */,
			);
			defaultConfigurationIsVisible = 0;
			defaultConfigurationName = Release;
		};
/* End XCConfigurationList section */

/* Begin XCVersionGroup section */
		9756ABD3213651C20069BE8A /* GitTraining.xcdatamodeld */ = {
			isa = XCVersionGroup;
			children = (
				9756ABD4213651C20069BE8A /* GitTraining.xcdatamodel */,
			);
			currentVersion = 9756ABD4213651C20069BE8A /* GitTraining.xcdatamodel */;
			path = GitTraining.xcdatamodeld;
			sourceTree = "<group>";
			versionGroupType = wrapper.xcdatamodel;
		};
/* End XCVersionGroup section */
	};
	rootObject = 9756ABC1213651C20069BE8A /* Project object */;
}
